
Microsoft Visual Studio Solution File, Format Version 12.00
# Visual Studio 14
VisualStudioVersion = 14.0.25420.1
MinimumVisualStudioVersion = 10.0.40219.1
Project("{FAE04EC0-301F-11D3-BF4B-00C04F79EFBC}") = "SignalRChatService", "SignalRWindowsService\SignalRChatService.csproj", "{FCCAC2C4-4C52-4FA9-9F99-A37792E85111}"
EndProject
Project("{FAE04EC0-301F-11D3-BF4B-00C04F79EFBC}") = "SignalRChat", "SignalRChat\SignalRChat.csproj", "{9937D2FA-3B4D-4C19-8C2B-12CED493016D}"
EndProject
Global
	GlobalSection(SolutionConfigurationPlatforms) = preSolution
		Debug|Any CPU = Debug|Any CPU
		Release|Any CPU = Release|Any CPU
	EndGlobalSection
	GlobalSection(ProjectConfigurationPlatforms) = postSolution
		{FCCAC2C4-4C52-4FA9-9F99-A37792E85111}.Debug|Any CPU.ActiveCfg = Debug|Any CPU
		{FCCAC2C4-4C52-4FA9-9F99-A37792E85111}.Debug|Any CPU.Build.0 = Debug|Any CPU
		{FCCAC2C4-4C52-4FA9-9F99-A37792E85111}.Release|Any CPU.ActiveCfg = Release|Any CPU
		{FCCAC2C4-4C52-4FA9-9F99-A37792E85111}.Release|Any CPU.Build.0 = Release|Any CPU
		{9937D2FA-3B4D-4C19-8C2B-12CED493016D}.Debug|Any CPU.ActiveCfg = Debug|Any CPU
		{9937D2FA-3B4D-4C19-8C2B-12CED493016D}.Debug|Any CPU.Build.0 = Debug|Any CPU
		{9937D2FA-3B4D-4C19-8C2B-12CED493016D}.Release|Any CPU.ActiveCfg = Release|Any CPU
		{9937D2FA-3B4D-4C19-8C2B-12CED493016D}.Release|Any CPU.Build.0 = Release|Any CPU
	EndGlobalSection
	GlobalSection(SolutionProperties) = preSolution
		HideSolutionNode = FALSE
	EndGlobalSection
EndGlobal
